{
  "name": "DevPool",
  "lockfileVersion": 3,
  "requires": true,
  "packages": {
    "": {
      "dependencies": {
        "recoil": "^0.7.7"
      },
      "devDependencies": {
        "@faker-js/faker": "^7.6.0",
        "@types/faker": "^6.6.9",
        "faker": "^6.6.6"
      }
    },
    "node_modules/@faker-js/faker": {
      "version": "7.6.0",
      "resolved": "https://registry.npmjs.org/@faker-js/faker/-/faker-7.6.0.tgz",
      "integrity": "sha512-XK6BTq1NDMo9Xqw/YkYyGjSsg44fbNwYRx7QK2CuoQgyy+f1rrTDHoExVM5PsyXCtfl2vs2vVJ0MN0yN6LppRw==",
      "dev": true,
      "engines": {
        "node": ">=14.0.0",
        "npm": ">=6.0.0"
      }
    },
    "node_modules/@types/faker": {
      "version": "6.6.9",
      "resolved": "https://registry.npmjs.org/@types/faker/-/faker-6.6.9.tgz",
      "integrity": "sha512-Y9YYm5L//8ooiiknO++4Gr539zzdI0j3aXnOBjo1Vk+kTvffY10GuE2wn78AFPECwZ5MYGTjiDVw1naLLdDimw==",
      "deprecated": "This is a stub types definition. faker provides its own type definitions, so you do not need this installed.",
      "dev": true,
      "dependencies": {
        "faker": "*"
      }
    },
    "node_modules/faker": {
      "version": "6.6.6",
      "resolved": "https://registry.npmjs.org/faker/-/faker-6.6.6.tgz",
      "integrity": "sha512-9tCqYEDHI5RYFQigXFwF1hnCwcWCOJl/hmll0lr5D2Ljjb0o4wphb69wikeJDz5qCEzXCoPvG6ss5SDP6IfOdg==",
      "dev": true
    },
    "node_modules/hamt_plus": {
      "version": "1.0.2",
      "resolved": "https://registry.npmjs.org/hamt_plus/-/hamt_plus-1.0.2.tgz",
      "integrity": "sha512-t2JXKaehnMb9paaYA7J0BX8QQAY8lwfQ9Gjf4pg/mk4krt+cmwmU652HOoWonf+7+EQV97ARPMhhVgU1ra2GhA=="
    },
    "node_modules/js-tokens": {
      "version": "4.0.0",
      "resolved": "https://registry.npmjs.org/js-tokens/-/js-tokens-4.0.0.tgz",
      "integrity": "sha512-RdJUflcE3cUzKiMqQgsCu06FPu9UdIJO0beYbPhHN4k6apgJtifcoCtT9bcxOpYBtpD2kCM6Sbzg4CausW/PKQ==",
      "peer": true
    },
    "node_modules/loose-envify": {
      "version": "1.4.0",
      "resolved": "https://registry.npmjs.org/loose-envify/-/loose-envify-1.4.0.tgz",
      "integrity": "sha512-lyuxPGr/Wfhrlem2CL/UcnUc1zcqKAImBDzukY7Y5F/yQiNdko6+fRLevlw1HgMySw7f611UIY408EtxRSoK3Q==",
      "peer": true,
      "dependencies": {
        "js-tokens": "^3.0.0 || ^4.0.0"
      },
      "bin": {
        "loose-envify": "cli.js"
      }
    },
    "node_modules/react": {
      "version": "18.2.0",
      "resolved": "https://registry.npmjs.org/react/-/react-18.2.0.tgz",
      "integrity": "sha512-/3IjMdb2L9QbBdWiW5e3P2/npwMBaU9mHCSCUzNln0ZCYbcfTsGbTJrU/kGemdH2IWmB2ioZ+zkxtmq6g09fGQ==",
      "peer": true,
      "dependencies": {
        "loose-envify": "^1.1.0"
      },
      "engines": {
        "node": ">=0.10.0"
      }
    },
    "node_modules/recoil": {
      "version": "0.7.7",
      "resolved": "https://registry.npmjs.org/recoil/-/recoil-0.7.7.tgz",
      "integrity": "sha512-8Og5KPQW9LwC577Vc7Ug2P0vQshkv1y3zG3tSSkWMqkWSwHmE+by06L8JtnGocjW6gcCvfwB3YtrJG6/tWivNQ==",
      "dependencies": {
        "hamt_plus": "1.0.2"
      },
      "peerDependencies": {
        "react": ">=16.13.1"
      },
      "peerDependenciesMeta": {
        "react-dom": {
          "optional": true
        },
        "react-native": {
          "optional": true
        }
      }
    }
  }
}
